
Microsoft Visual Studio Solution File, Format Version 12.00
# Visual Studio 15
VisualStudioVersion = 15.0.28307.438
MinimumVisualStudioVersion = 10.0.40219.1
Project("{FAE04EC0-301F-11D3-BF4B-00C04F79EFBC}") = "Bai_TH_Lab_04", "Bai_TH_Lab_04\Bai_TH_Lab_04.csproj", "{0B3451E4-BACC-4951-B3D9-8DAE649F6B2F}"
EndProject
Global
	GlobalSection(SolutionConfigurationPlatforms) = preSolution
		Debug|Any CPU = Debug|Any CPU
		Release|Any CPU = Release|Any CPU
	EndGlobalSection
	GlobalSection(ProjectConfigurationPlatforms) = postSolution
		{0B3451E4-BACC-4951-B3D9-8DAE649F6B2F}.Debug|Any CPU.ActiveCfg = Debug|Any CPU
		{0B3451E4-BACC-4951-B3D9-8DAE649F6B2F}.Debug|Any CPU.Build.0 = Debug|Any CPU
		{0B3451E4-BACC-4951-B3D9-8DAE649F6B2F}.Release|Any CPU.ActiveCfg = Release|Any CPU
		{0B3451E4-BACC-4951-B3D9-8DAE649F6B2F}.Release|Any CPU.Build.0 = Release|Any CPU
	EndGlobalSection
	GlobalSection(SolutionProperties) = preSolution
		HideSolutionNode = FALSE
	EndGlobalSection
	GlobalSection(ExtensibilityGlobals) = postSolution
		SolutionGuid = {FD671DBA-8A88-4279-B22E-9C35A8CAEA0B}
	EndGlobalSection
EndGlobal
